- id: 72861c4a-d5c0-4818-92a3-6509e53b9dcf
  name: Brandon Svenson
  other_names: []
  phones: []
  emails:
  - mayor@cityofwinlock.com
  urls:
  - https://cityofwinlock.com/index.php/city-council
  image: https://cityofwinlock.com/wp-content/uploads/2024/06/MayorSvenson2_4-17-24-300x229.jpg
  cdn_image: https://cdn.civicpatch.org/open-data/wa/winlock/images/4abbe39b4ca8541e9d384afb24e77e58d7f7a13c9cdf3bbd4bdddb197e608c5b.jpg
  source_urls:
  - https://cityofwinlock.com/index.php/city-council
  updated_at: '2025-06-26T17:29:52+00:00'
  roles:
  - name: Mayor
    role_id: mayor
    jurisdiction_ocdid: ocd-jurisdiction/country:us/state:wa/place:winlock/government
    division_ocdid: ocd-division/country:us/state:wa/place:winlock
    start_date: '2022'
    end_date: '2025'
- id: 9c962fe4-eea6-4ece-a8df-eafb76ad67eb
  name: Jeramy Allman
  other_names: []
  phones: []
  emails:
  - council4@cityofwinlock.com
  urls:
  - https://cityofwinlock.com/index.php/city-council
  image: https://cityofwinlock.com/wp-content/uploads/2024/06/Jeramy-300x274.jpg
  cdn_image: https://cdn.civicpatch.org/open-data/wa/winlock/images/b6698d2cef8dc58be8e3850093f7cf1f14a17f21c29bfac342d61d9d7b12758a.jpg
  source_urls:
  - https://cityofwinlock.com/index.php/city-council
  updated_at: '2025-06-26T17:29:52+00:00'
  roles:
  - name: Mayor Pro Tempore
    role_id: mayor-pro-tempore
    jurisdiction_ocdid: ocd-jurisdiction/country:us/state:wa/place:winlock/government
    division_ocdid: ocd-division/country:us/state:wa/place:winlock
    start_date: '2022'
    end_date: '2025'
- id: d0bd9908-7255-4575-99ad-044d11f280e4
  name: Chuck Camps
  other_names: []
  phones: []
  emails:
  - council2@cityofwinlock.com
  urls:
  - https://cityofwinlock.com/index.php/city-council
  image: https://cityofwinlock.com/wp-content/uploads/2024/06/Chuck-300x276.jpg
  cdn_image: https://cdn.civicpatch.org/open-data/wa/winlock/images/d2b805d2d4e527a7597d8d55d23dc2be6dd90416bf5e0afc036205c2d7b3840b.jpg
  source_urls:
  - https://cityofwinlock.com/index.php/city-council
  updated_at: '2025-06-26T17:29:52+00:00'
  roles:
  - name: Council Member
    role_id: council-member
    jurisdiction_ocdid: ocd-jurisdiction/country:us/state:wa/place:winlock/government
    division_ocdid: ocd-division/country:us/state:wa/place:winlock
    start_date: '2024'
    end_date: '2027'
- id: 9f42569f-5156-474c-b55a-995a7b0f957c
  name: Jess Bowers
  other_names: []
  phones: []
  emails:
  - council1@cityofwinlock.com
  urls:
  - https://cityofwinlock.com/index.php/city-council
  image: https://cityofwinlock.com/wp-content/uploads/2024/06/Jess-300x275.jpg
  cdn_image: https://cdn.civicpatch.org/open-data/wa/winlock/images/c942e03f349dfeda808b7602808fda774b0b54b104fa91fbdcee1a4121b6c6e7.jpg
  source_urls:
  - https://cityofwinlock.com/index.php/city-council
  updated_at: '2025-06-26T17:29:52+00:00'
  roles:
  - name: Council Member
    role_id: council-member
    jurisdiction_ocdid: ocd-jurisdiction/country:us/state:wa/place:winlock/government
    division_ocdid: ocd-division/country:us/state:wa/place:winlock
    start_date: '2024'
    end_date: '2027'
- id: 6e723055-24c6-41db-9046-170024d590bb
  name: Jodie Curtis
  other_names: []
  phones: []
  emails:
  - council3@cityofwinlock.com
  urls:
  - https://cityofwinlock.com/index.php/city-council
  image: https://cityofwinlock.com/wp-content/uploads/2024/06/Jodie-300x259.jpg
  cdn_image: https://cdn.civicpatch.org/open-data/wa/winlock/images/c7c04063203859f4cef4ed94c02ec941bf1c74b3ea73b86bb3d3ee015fe4b95c.jpg
  source_urls:
  - https://cityofwinlock.com/index.php/city-council
  updated_at: '2025-06-26T17:29:52+00:00'
  roles:
  - name: Council Member
    role_id: council-member
    jurisdiction_ocdid: ocd-jurisdiction/country:us/state:wa/place:winlock/government
    division_ocdid: ocd-division/country:us/state:wa/place:winlock
    start_date: '2024'
    end_date: '2027'
- id: 192dcd63-977d-45fe-ad13-dcd363387495
  name: Lindsey Alvord
  other_names: []
  phones: []
  emails:
  - council5@cityofwinlock.com
  urls:
  - https://cityofwinlock.com/index.php/city-council
  image: https://cityofwinlock.com/wp-content/uploads/2024/06/Lindsey-267x300.jpg
  cdn_image: https://cdn.civicpatch.org/open-data/wa/winlock/images/deb0ada4611587c4d455dbd253df510d888da84a2ee8e2a0e06f04d44fbc7552.jpg
  source_urls:
  - https://cityofwinlock.com/index.php/city-council
  updated_at: '2025-06-26T17:29:52+00:00'
  roles:
  - name: Council Member
    role_id: council-member
    jurisdiction_ocdid: ocd-jurisdiction/country:us/state:wa/place:winlock/government
    division_ocdid: ocd-division/country:us/state:wa/place:winlock
    start_date: '2022'
    end_date: '2025'
